
Microsoft Visual Studio Solution File, Format Version 12.00
# Visual Studio 15
VisualStudioVersion = 15.0.28010.2003
MinimumVisualStudioVersion = 10.0.40219.1
Project("{9A19103F-16F7-4668-BE54-9A1E7A4F7556}") = "Silo", "Silo\Silo.csproj", "{76FB6308-A43B-427D-9602-1238E74E35D5}"
EndProject
Project("{9A19103F-16F7-4668-BE54-9A1E7A4F7556}") = "Client", "Client\Client.csproj", "{384AFB57-ADE0-41B9-B843-5DF3C374559F}"
EndProject
Project("{9A19103F-16F7-4668-BE54-9A1E7A4F7556}") = "GrainInterfaces", "GrainInterfaces\GrainInterfaces.csproj", "{F97ADE36-BBD5-440D-BE5B-899C6C101D00}"
EndProject
Project("{9A19103F-16F7-4668-BE54-9A1E7A4F7556}") = "Grains", "Grains\Grains.csproj", "{8115B873-3171-4653-91CC-DF55977874AC}"
EndProject
Project("{2150E333-8FDC-42A3-9474-1A3956D46DE8}") = "src", "src", "{2F6A398C-E763-4807-AF4D-18EC8FF54FE8}"
EndProject
Project("{FAE04EC0-301F-11D3-BF4B-00C04F79EFBC}") = "Shared", "Shared\Shared.csproj", "{088B7C91-F974-4308-872D-D14160B349CE}"
EndProject
Project("{FAE04EC0-301F-11D3-BF4B-00C04F79EFBC}") = "SiloCore", "SiloCore\SiloCore.csproj", "{AD516939-969D-4F8C-9598-7275F4FDBFA9}"
EndProject
Global
	GlobalSection(SolutionConfigurationPlatforms) = preSolution
		Debug|Any CPU = Debug|Any CPU
		Release|Any CPU = Release|Any CPU
	EndGlobalSection
	GlobalSection(ProjectConfigurationPlatforms) = postSolution
		{76FB6308-A43B-427D-9602-1238E74E35D5}.Debug|Any CPU.ActiveCfg = Debug|Any CPU
		{76FB6308-A43B-427D-9602-1238E74E35D5}.Debug|Any CPU.Build.0 = Debug|Any CPU
		{76FB6308-A43B-427D-9602-1238E74E35D5}.Release|Any CPU.ActiveCfg = Release|Any CPU
		{76FB6308-A43B-427D-9602-1238E74E35D5}.Release|Any CPU.Build.0 = Release|Any CPU
		{384AFB57-ADE0-41B9-B843-5DF3C374559F}.Debug|Any CPU.ActiveCfg = Debug|Any CPU
		{384AFB57-ADE0-41B9-B843-5DF3C374559F}.Debug|Any CPU.Build.0 = Debug|Any CPU
		{384AFB57-ADE0-41B9-B843-5DF3C374559F}.Release|Any CPU.ActiveCfg = Release|Any CPU
		{384AFB57-ADE0-41B9-B843-5DF3C374559F}.Release|Any CPU.Build.0 = Release|Any CPU
		{F97ADE36-BBD5-440D-BE5B-899C6C101D00}.Debug|Any CPU.ActiveCfg = Debug|Any CPU
		{F97ADE36-BBD5-440D-BE5B-899C6C101D00}.Debug|Any CPU.Build.0 = Debug|Any CPU
		{F97ADE36-BBD5-440D-BE5B-899C6C101D00}.Release|Any CPU.ActiveCfg = Release|Any CPU
		{F97ADE36-BBD5-440D-BE5B-899C6C101D00}.Release|Any CPU.Build.0 = Release|Any CPU
		{8115B873-3171-4653-91CC-DF55977874AC}.Debug|Any CPU.ActiveCfg = Debug|Any CPU
		{8115B873-3171-4653-91CC-DF55977874AC}.Debug|Any CPU.Build.0 = Debug|Any CPU
		{8115B873-3171-4653-91CC-DF55977874AC}.Release|Any CPU.ActiveCfg = Release|Any CPU
		{8115B873-3171-4653-91CC-DF55977874AC}.Release|Any CPU.Build.0 = Release|Any CPU
		{088B7C91-F974-4308-872D-D14160B349CE}.Debug|Any CPU.ActiveCfg = Debug|Any CPU
		{088B7C91-F974-4308-872D-D14160B349CE}.Debug|Any CPU.Build.0 = Debug|Any CPU
		{088B7C91-F974-4308-872D-D14160B349CE}.Release|Any CPU.ActiveCfg = Release|Any CPU
		{088B7C91-F974-4308-872D-D14160B349CE}.Release|Any CPU.Build.0 = Release|Any CPU
		{AD516939-969D-4F8C-9598-7275F4FDBFA9}.Debug|Any CPU.ActiveCfg = Debug|Any CPU
		{AD516939-969D-4F8C-9598-7275F4FDBFA9}.Debug|Any CPU.Build.0 = Debug|Any CPU
		{AD516939-969D-4F8C-9598-7275F4FDBFA9}.Release|Any CPU.ActiveCfg = Release|Any CPU
		{AD516939-969D-4F8C-9598-7275F4FDBFA9}.Release|Any CPU.Build.0 = Release|Any CPU
	EndGlobalSection
	GlobalSection(SolutionProperties) = preSolution
		HideSolutionNode = FALSE
	EndGlobalSection
	GlobalSection(NestedProjects) = preSolution
		{76FB6308-A43B-427D-9602-1238E74E35D5} = {2F6A398C-E763-4807-AF4D-18EC8FF54FE8}
		{384AFB57-ADE0-41B9-B843-5DF3C374559F} = {2F6A398C-E763-4807-AF4D-18EC8FF54FE8}
		{F97ADE36-BBD5-440D-BE5B-899C6C101D00} = {2F6A398C-E763-4807-AF4D-18EC8FF54FE8}
		{8115B873-3171-4653-91CC-DF55977874AC} = {2F6A398C-E763-4807-AF4D-18EC8FF54FE8}
		{088B7C91-F974-4308-872D-D14160B349CE} = {2F6A398C-E763-4807-AF4D-18EC8FF54FE8}
		{AD516939-969D-4F8C-9598-7275F4FDBFA9} = {2F6A398C-E763-4807-AF4D-18EC8FF54FE8}
	EndGlobalSection
	GlobalSection(ExtensibilityGlobals) = postSolution
		SolutionGuid = {BA512946-BE8F-4841-9F45-B75FB1D873CF}
	EndGlobalSection
EndGlobal
